// !$*UTF8*$!
{
	archiveVersion = 1;
	classes = {
	};
	objectVersion = 46;
	objects = {

/* Begin PBXBuildFile section */
		C768D4C31B96077C0058EDE3 /* AppDelegate.swift in Sources */ = {isa = PBXBuildFile; fileRef = C768D4C21B96077C0058EDE3 /* AppDelegate.swift */; };
		C768D4C81B96077C0058EDE3 /* Main.storyboard in Resources */ = {isa = PBXBuildFile; fileRef = C768D4C61B96077C0058EDE3 /* Main.storyboard */; };
		C768D4CA1B96077C0058EDE3 /* Assets.xcassets in Resources */ = {isa = PBXBuildFile; fileRef = C768D4C91B96077C0058EDE3 /* Assets.xcassets */; };
		C768D4CD1B96077C0058EDE3 /* LaunchScreen.storyboard in Resources */ = {isa = PBXBuildFile; fileRef = C768D4CB1B96077C0058EDE3 /* LaunchScreen.storyboard */; };
		C768D4F21B982B430058EDE3 /* PagingViewExampleUITests.swift in Sources */ = {isa = PBXBuildFile; fileRef = C768D4F11B982B430058EDE3 /* PagingViewExampleUITests.swift */; };
		C768D5101B9836EF0058EDE3 /* TestingViewController.swift in Sources */ = {isa = PBXBuildFile; fileRef = C768D50F1B9836EF0058EDE3 /* TestingViewController.swift */; settings = {ASSET_TAGS = (); }; };
		C768D5121B9837230058EDE3 /* DemoViewController.swift in Sources */ = {isa = PBXBuildFile; fileRef = C768D5111B9837230058EDE3 /* DemoViewController.swift */; settings = {ASSET_TAGS = (); }; };
		C768D5181B983FFC0058EDE3 /* TestingViewCell.swift in Sources */ = {isa = PBXBuildFile; fileRef = C768D5171B983FFC0058EDE3 /* TestingViewCell.swift */; settings = {ASSET_TAGS = (); }; };
		C768D51A1B9840490058EDE3 /* TestingViewCell.xib in Resources */ = {isa = PBXBuildFile; fileRef = C768D5191B9840490058EDE3 /* TestingViewCell.xib */; settings = {ASSET_TAGS = (); }; };
		C7EAC5FF1B9D252000414789 /* DemoViewCell.swift in Sources */ = {isa = PBXBuildFile; fileRef = C7EAC5FE1B9D252000414789 /* DemoViewCell.swift */; settings = {ASSET_TAGS = (); }; };
		C7EAC6011B9D252C00414789 /* DemoViewCell.xib in Resources */ = {isa = PBXBuildFile; fileRef = C7EAC6001B9D252C00414789 /* DemoViewCell.xib */; settings = {ASSET_TAGS = (); }; };
/* End PBXBuildFile section */

/* Begin PBXContainerItemProxy section */
		C768D4F41B982B430058EDE3 /* PBXContainerItemProxy */ = {
			isa = PBXContainerItemProxy;
			containerPortal = C768D4B71B96077C0058EDE3 /* Project object */;
			proxyType = 1;
			remoteGlobalIDString = C768D4BE1B96077C0058EDE3;
			remoteInfo = PagingViewExample;
		};
/* End PBXContainerItemProxy section */

/* Begin PBXCopyFilesBuildPhase section */
		C768D50E1B9832A80058EDE3 /* Embed Frameworks */ = {
			isa = PBXCopyFilesBuildPhase;
			buildActionMask = 2147483647;
			dstPath = "";
			dstSubfolderSpec = 10;
			files = (
			);
			name = "Embed Frameworks";
			runOnlyForDeploymentPostprocessing = 0;
		};
/* End PBXCopyFilesBuildPhase section */

/* Begin PBXFileReference section */
		C768D4BF1B96077C0058EDE3 /* PagingViewExample.app */ = {isa = PBXFileReference; explicitFileType = wrapper.application; includeInIndex = 0; path = PagingViewExample.app; sourceTree = BUILT_PRODUCTS_DIR; };
		C768D4C21B96077C0058EDE3 /* AppDelegate.swift */ = {isa = PBXFileReference; lastKnownFileType = sourcecode.swift; path = AppDelegate.swift; sourceTree = "<group>"; };
		C768D4C71B96077C0058EDE3 /* Base */ = {isa = PBXFileReference; lastKnownFileType = file.storyboard; name = Base; path = Base.lproj/Main.storyboard; sourceTree = "<group>"; };
		C768D4C91B96077C0058EDE3 /* Assets.xcassets */ = {isa = PBXFileReference; lastKnownFileType = folder.assetcatalog; path = Assets.xcassets; sourceTree = "<group>"; };
		C768D4CC1B96077C0058EDE3 /* Base */ = {isa = PBXFileReference; lastKnownFileType = file.storyboard; name = Base; path = Base.lproj/LaunchScreen.storyboard; sourceTree = "<group>"; };
		C768D4CE1B96077C0058EDE3 /* Info.plist */ = {isa = PBXFileReference; lastKnownFileType = text.plist.xml; path = Info.plist; sourceTree = "<group>"; };
		C768D4EF1B982B430058EDE3 /* PagingViewExampleUITests.xctest */ = {isa = PBXFileReference; explicitFileType = wrapper.cfbundle; includeInIndex = 0; path = PagingViewExampleUITests.xctest; sourceTree = BUILT_PRODUCTS_DIR; };
		C768D4F11B982B430058EDE3 /* PagingViewExampleUITests.swift */ = {isa = PBXFileReference; lastKnownFileType = sourcecode.swift; path = PagingViewExampleUITests.swift; sourceTree = "<group>"; };
		C768D4F31B982B430058EDE3 /* Info.plist */ = {isa = PBXFileReference; lastKnownFileType = text.plist.xml; path = Info.plist; sourceTree = "<group>"; };
		C768D50F1B9836EF0058EDE3 /* TestingViewController.swift */ = {isa = PBXFileReference; fileEncoding = 4; lastKnownFileType = sourcecode.swift; path = TestingViewController.swift; sourceTree = "<group>"; };
		C768D5111B9837230058EDE3 /* DemoViewController.swift */ = {isa = PBXFileReference; fileEncoding = 4; lastKnownFileType = sourcecode.swift; path = DemoViewController.swift; sourceTree = "<group>"; };
		C768D5171B983FFC0058EDE3 /* TestingViewCell.swift */ = {isa = PBXFileReference; fileEncoding = 4; lastKnownFileType = sourcecode.swift; path = TestingViewCell.swift; sourceTree = "<group>"; };
		C768D5191B9840490058EDE3 /* TestingViewCell.xib */ = {isa = PBXFileReference; fileEncoding = 4; lastKnownFileType = file.xib; path = TestingViewCell.xib; sourceTree = "<group>"; };
		C7EAC5FE1B9D252000414789 /* DemoViewCell.swift */ = {isa = PBXFileReference; fileEncoding = 4; lastKnownFileType = sourcecode.swift; path = DemoViewCell.swift; sourceTree = "<group>"; };
		C7EAC6001B9D252C00414789 /* DemoViewCell.xib */ = {isa = PBXFileReference; fileEncoding = 4; lastKnownFileType = file.xib; path = DemoViewCell.xib; sourceTree = "<group>"; };
/* End PBXFileReference section */

/* Begin PBXFrameworksBuildPhase section */
		C768D4BC1B96077C0058EDE3 /* Frameworks */ = {
			isa = PBXFrameworksBuildPhase;
			buildActionMask = 2147483647;
			files = (
			);
			runOnlyForDeploymentPostprocessing = 0;
		};
		C768D4EC1B982B430058EDE3 /* Frameworks */ = {
			isa = PBXFrameworksBuildPhase;
			buildActionMask = 2147483647;
			files = (
			);
			runOnlyForDeploymentPostprocessing = 0;
		};
/* End PBXFrameworksBuildPhase section */

/* Begin PBXGroup section */
		C768D4B61B96077C0058EDE3 = {
			isa = PBXGroup;
			children = (
				C768D4C11B96077C0058EDE3 /* PagingViewExample */,
				C768D4F01B982B430058EDE3 /* PagingViewExampleUITests */,
				C768D4C01B96077C0058EDE3 /* Products */,
			);
			sourceTree = "<group>";
		};
		C768D4C01B96077C0058EDE3 /* Products */ = {
			isa = PBXGroup;
			children = (
				C768D4BF1B96077C0058EDE3 /* PagingViewExample.app */,
				C768D4EF1B982B430058EDE3 /* PagingViewExampleUITests.xctest */,
			);
			name = Products;
			sourceTree = "<group>";
		};
		C768D4C11B96077C0058EDE3 /* PagingViewExample */ = {
			isa = PBXGroup;
			children = (
				C768D4C21B96077C0058EDE3 /* AppDelegate.swift */,
				C768D5111B9837230058EDE3 /* DemoViewController.swift */,
				C768D50F1B9836EF0058EDE3 /* TestingViewController.swift */,
				C768D4C61B96077C0058EDE3 /* Main.storyboard */,
				C768D4C91B96077C0058EDE3 /* Assets.xcassets */,
				C768D4CB1B96077C0058EDE3 /* LaunchScreen.storyboard */,
				C768D4CE1B96077C0058EDE3 /* Info.plist */,
				C768D5171B983FFC0058EDE3 /* TestingViewCell.swift */,
				C768D5191B9840490058EDE3 /* TestingViewCell.xib */,
				C7EAC5FE1B9D252000414789 /* DemoViewCell.swift */,
				C7EAC6001B9D252C00414789 /* DemoViewCell.xib */,
			);
			path = PagingViewExample;
			sourceTree = "<group>";
		};
		C768D4F01B982B430058EDE3 /* PagingViewExampleUITests */ = {
			isa = PBXGroup;
			children = (
				C768D4F11B982B430058EDE3 /* PagingViewExampleUITests.swift */,
				C768D4F31B982B430058EDE3 /* Info.plist */,
			);
			path = PagingViewExampleUITests;
			sourceTree = "<group>";
		};
/* End PBXGroup section */

/* Begin PBXNativeTarget section */
		C768D4BE1B96077C0058EDE3 /* PagingViewExample */ = {
			isa = PBXNativeTarget;
			buildConfigurationList = C768D4D11B96077C0058EDE3 /* Build configuration list for PBXNativeTarget "PagingViewExample" */;
			buildPhases = (
				C768D4BB1B96077C0058EDE3 /* Sources */,
				C768D4BC1B96077C0058EDE3 /* Frameworks */,
				C768D4BD1B96077C0058EDE3 /* Resources */,
				C768D50E1B9832A80058EDE3 /* Embed Frameworks */,
			);
			buildRules = (
			);
			dependencies = (
			);
			name = PagingViewExample;
			productName = PagingViewExample;
			productReference = C768D4BF1B96077C0058EDE3 /* PagingViewExample.app */;
			productType = "com.apple.product-type.application";
		};
		C768D4EE1B982B430058EDE3 /* PagingViewExampleUITests */ = {
			isa = PBXNativeTarget;
			buildConfigurationList = C768D4F91B982B430058EDE3 /* Build configuration list for PBXNativeTarget "PagingViewExampleUITests" */;
			buildPhases = (
				C768D4EB1B982B430058EDE3 /* Sources */,
				C768D4EC1B982B430058EDE3 /* Frameworks */,
				C768D4ED1B982B430058EDE3 /* Resources */,
			);
			buildRules = (
			);
			dependencies = (
				C768D4F51B982B430058EDE3 /* PBXTargetDependency */,
			);
			name = PagingViewExampleUITests;
			productName = PagingViewExampleUITests;
			productReference = C768D4EF1B982B430058EDE3 /* PagingViewExampleUITests.xctest */;
			productType = "com.apple.product-type.bundle.ui-testing";
		};
/* End PBXNativeTarget section */

/* Begin PBXProject section */
		C768D4B71B96077C0058EDE3 /* Project object */ = {
			isa = PBXProject;
			attributes = {
				LastUpgradeCheck = 0700;
				ORGANIZATIONNAME = kyohei_ito;
				TargetAttributes = {
					C768D4BE1B96077C0058EDE3 = {
						CreatedOnToolsVersion = 7.0;
					};
					C768D4EE1B982B430058EDE3 = {
						CreatedOnToolsVersion = 7.0;
						TestTargetID = C768D4BE1B96077C0058EDE3;
					};
				};
			};
			buildConfigurationList = C768D4BA1B96077C0058EDE3 /* Build configuration list for PBXProject "PagingViewExample" */;
			compatibilityVersion = "Xcode 3.2";
			developmentRegion = English;
			hasScannedForEncodings = 0;
			knownRegions = (
				en,
				Base,
			);
			mainGroup = C768D4B61B96077C0058EDE3;
			productRefGroup = C768D4C01B96077C0058EDE3 /* Products */;
			projectDirPath = "";
			projectRoot = "";
			targets = (
				C768D4BE1B96077C0058EDE3 /* PagingViewExample */,
				C768D4EE1B982B430058EDE3 /* PagingViewExampleUITests */,
			);
		};
/* End PBXProject section */

/* Begin PBXResourcesBuildPhase section */
		C768D4BD1B96077C0058EDE3 /* Resources */ = {
			isa = PBXResourcesBuildPhase;
			buildActionMask = 2147483647;
			files = (
				C768D4CD1B96077C0058EDE3 /* LaunchScreen.storyboard in Resources */,
				C768D51A1B9840490058EDE3 /* TestingViewCell.xib in Resources */,
				C7EAC6011B9D252C00414789 /* DemoViewCell.xib in Resources */,
				C768D4CA1B96077C0058EDE3 /* Assets.xcassets in Resources */,
				C768D4C81B96077C0058EDE3 /* Main.storyboard in Resources */,
			);
			runOnlyForDeploymentPostprocessing = 0;
		};
		C768D4ED1B982B430058EDE3 /* Resources */ = {
			isa = PBXResourcesBuildPhase;
			buildActionMask = 2147483647;
			files = (
			);
			runOnlyForDeploymentPostprocessing = 0;
		};
/* End PBXResourcesBuildPhase section */

/* Begin PBXSourcesBuildPhase section */
		C768D4BB1B96077C0058EDE3 /* Sources */ = {
			isa = PBXSourcesBuildPhase;
			buildActionMask = 2147483647;
			files = (
				C768D5121B9837230058EDE3 /* DemoViewController.swift in Sources */,
				C7EAC5FF1B9D252000414789 /* DemoViewCell.swift in Sources */,
				C768D5181B983FFC0058EDE3 /* TestingViewCell.swift in Sources */,
				C768D4C31B96077C0058EDE3 /* AppDelegate.swift in Sources */,
				C768D5101B9836EF0058EDE3 /* TestingViewController.swift in Sources */,
			);
			runOnlyForDeploymentPostprocessing = 0;
		};
		C768D4EB1B982B430058EDE3 /* Sources */ = {
			isa = PBXSourcesBuildPhase;
			buildActionMask = 2147483647;
			files = (
				C768D4F21B982B430058EDE3 /* PagingViewExampleUITests.swift in Sources */,
			);
			runOnlyForDeploymentPostprocessing = 0;
		};
/* End PBXSourcesBuildPhase section */

/* Begin PBXTargetDependency section */
		C768D4F51B982B430058EDE3 /* PBXTargetDependency */ = {
			isa = PBXTargetDependency;
			target = C768D4BE1B96077C0058EDE3 /* PagingViewExample */;
			targetProxy = C768D4F41B982B430058EDE3 /* PBXContainerItemProxy */;
		};
/* End PBXTargetDependency section */

/* Begin PBXVariantGroup section */
		C768D4C61B96077C0058EDE3 /* Main.storyboard */ = {
			isa = PBXVariantGroup;
			children = (
				C768D4C71B96077C0058EDE3 /* Base */,
			);
			name = Main.storyboard;
			sourceTree = "<group>";
		};
		C768D4CB1B96077C0058EDE3 /* LaunchScreen.storyboard */ = {
			isa = PBXVariantGroup;
			children = (
				C768D4CC1B96077C0058EDE3 /* Base */,
			);
			name = LaunchScreen.storyboard;
			sourceTree = "<group>";
		};
/* End PBXVariantGroup section */

/* Begin XCBuildConfiguration section */
		C768D4CF1B96077C0058EDE3 /* Debug */ = {
			isa = XCBuildConfiguration;
			buildSettings = {
				ALWAYS_SEARCH_USER_PATHS = NO;
				CLANG_CXX_LANGUAGE_STANDARD = "gnu++0x";
				CLANG_CXX_LIBRARY = "libc++";
				CLANG_ENABLE_MODULES = YES;
				CLANG_ENABLE_OBJC_ARC = YES;
				CLANG_WARN_BOOL_CONVERSION = YES;
				CLANG_WARN_CONSTANT_CONVERSION = YES;
				CLANG_WARN_DIRECT_OBJC_ISA_USAGE = YES_ERROR;
				CLANG_WARN_EMPTY_BODY = YES;
				CLANG_WARN_ENUM_CONVERSION = YES;
				CLANG_WARN_INT_CONVERSION = YES;
				CLANG_WARN_OBJC_ROOT_CLASS = YES_ERROR;
				CLANG_WARN_UNREACHABLE_CODE = YES;
				CLANG_WARN__DUPLICATE_METHOD_MATCH = YES;
				"CODE_SIGN_IDENTITY[sdk=iphoneos*]" = "iPhone Developer";
				COPY_PHASE_STRIP = NO;
				DEBUG_INFORMATION_FORMAT = dwarf;
				ENABLE_STRICT_OBJC_MSGSEND = YES;
				ENABLE_TESTABILITY = YES;
				GCC_C_LANGUAGE_STANDARD = gnu99;
				GCC_DYNAMIC_NO_PIC = NO;
				GCC_NO_COMMON_BLOCKS = YES;
				GCC_OPTIMIZATION_LEVEL = 0;
				GCC_PREPROCESSOR_DEFINITIONS = (
					"DEBUG=1",
					"$(inherited)",
				);
				GCC_WARN_64_TO_32_BIT_CONVERSION = YES;
				GCC_WARN_ABOUT_RETURN_TYPE = YES_ERROR;
				GCC_WARN_UNDECLARED_SELECTOR = YES;
				GCC_WARN_UNINITIALIZED_AUTOS = YES_AGGRESSIVE;
				GCC_WARN_UNUSED_FUNCTION = YES;
				GCC_WARN_UNUSED_VARIABLE = YES;
				IPHONEOS_DEPLOYMENT_TARGET = 8.0;
				MTL_ENABLE_DEBUG_INFO = YES;
				ONLY_ACTIVE_ARCH = YES;
				SDKROOT = iphoneos;
				SWIFT_OPTIMIZATION_LEVEL = "-Onone";
			};
			name = Debug;
		};
		C768D4D01B96077C0058EDE3 /* Release */ = {
			isa = XCBuildConfiguration;
			buildSettings = {
				ALWAYS_SEARCH_USER_PATHS = NO;
				CLANG_CXX_LANGUAGE_STANDARD = "gnu++0x";
				CLANG_CXX_LIBRARY = "libc++";
				CLANG_ENABLE_MODULES = YES;
				CLANG_ENABLE_OBJC_ARC = YES;
				CLANG_WARN_BOOL_CONVERSION = YES;
				CLANG_WARN_CONSTANT_CONVERSION = YES;
				CLANG_WARN_DIRECT_OBJC_ISA_USAGE = YES_ERROR;
				CLANG_WARN_EMPTY_BODY = YES;
				CLANG_WARN_ENUM_CONVERSION = YES;
				CLANG_WARN_INT_CONVERSION = YES;
				CLANG_WARN_OBJC_ROOT_CLASS = YES_ERROR;
				CLANG_WARN_UNREACHABLE_CODE = YES;
				CLANG_WARN__DUPLICATE_METHOD_MATCH = YES;
				"CODE_SIGN_IDENTITY[sdk=iphoneos*]" = "iPhone Developer";
				COPY_PHASE_STRIP = NO;
				DEBUG_INFORMATION_FORMAT = "dwarf-with-dsym";
				ENABLE_NS_ASSERTIONS = NO;
				ENABLE_STRICT_OBJC_MSGSEND = YES;
				GCC_C_LANGUAGE_STANDARD = gnu99;
				GCC_NO_COMMON_BLOCKS = YES;
				GCC_WARN_64_TO_32_BIT_CONVERSION = YES;
				GCC_WARN_ABOUT_RETURN_TYPE = YES_ERROR;
				GCC_WARN_UNDECLARED_SELECTOR = YES;
				GCC_WARN_UNINITIALIZED_AUTOS = YES_AGGRESSIVE;
				GCC_WARN_UNUSED_FUNCTION = YES;
				GCC_WARN_UNUSED_VARIABLE = YES;
				IPHONEOS_DEPLOYMENT_TARGET = 8.0;
				MTL_ENABLE_DEBUG_INFO = NO;
				SDKROOT = iphoneos;
				VALIDATE_PRODUCT = YES;
			};
			name = Release;
		};
		C768D4D21B96077C0058EDE3 /* Debug */ = {
			isa = XCBuildConfiguration;
			buildSettings = {
				ASSETCATALOG_COMPILER_APPICON_NAME = AppIcon;
				EMBEDDED_CONTENT_CONTAINS_SWIFT = YES;
				INFOPLIST_FILE = PagingViewExample/Info.plist;
				LD_RUNPATH_SEARCH_PATHS = "$(inherited) @executable_path/Frameworks";
				PRODUCT_BUNDLE_IDENTIFIER = com.kyoheiito.PagingViewExample;
				PRODUCT_NAME = "$(TARGET_NAME)";
			};
			name = Debug;
		};
		C768D4D31B96077C0058EDE3 /* Release */ = {
			isa = XCBuildConfiguration;
			buildSettings = {
				ASSETCATALOG_COMPILER_APPICON_NAME = AppIcon;
				EMBEDDED_CONTENT_CONTAINS_SWIFT = YES;
				INFOPLIST_FILE = PagingViewExample/Info.plist;
				LD_RUNPATH_SEARCH_PATHS = "$(inherited) @executable_path/Frameworks";
				PRODUCT_BUNDLE_IDENTIFIER = com.kyoheiito.PagingViewExample;
				PRODUCT_NAME = "$(TARGET_NAME)";
			};
			name = Release;
		};
		C768D4F61B982B430058EDE3 /* Debug */ = {
			isa = XCBuildConfiguration;
			buildSettings = {
				INFOPLIST_FILE = PagingViewExampleUITests/Info.plist;
				IPHONEOS_DEPLOYMENT_TARGET = 9.0;
				LD_RUNPATH_SEARCH_PATHS = "$(inherited) @executable_path/Frameworks @loader_path/Frameworks";
				PRODUCT_BUNDLE_IDENTIFIER = com.kyoheiito.PagingViewExampleUITests;
				PRODUCT_NAME = "$(TARGET_NAME)";
				TEST_TARGET_NAME = PagingViewExample;
				USES_XCTRUNNER = YES;
			};
			name = Debug;
		};
		C768D4F71B982B430058EDE3 /* Release */ = {
			isa = XCBuildConfiguration;
			buildSettings = {
				INFOPLIST_FILE = PagingViewExampleUITests/Info.plist;
				IPHONEOS_DEPLOYMENT_TARGET = 9.0;
				LD_RUNPATH_SEARCH_PATHS = "$(inherited) @executable_path/Frameworks @loader_path/Frameworks";
				PRODUCT_BUNDLE_IDENTIFIER = com.kyoheiito.PagingViewExampleUITests;
				PRODUCT_NAME = "$(TARGET_NAME)";
				TEST_TARGET_NAME = PagingViewExample;
				USES_XCTRUNNER = YES;
			};
			name = Release;
		};
/* End XCBuildConfiguration section */

/* Begin XCConfigurationList section */
		C768D4BA1B96077C0058EDE3 /* Build configuration list for PBXProject "PagingViewExample" */ = {
			isa = XCConfigurationList;
			buildConfigurations = (
				C768D4CF1B96077C0058EDE3 /* Debug */,
				C768D4D01B96077C0058EDE3 /* Release */,
			);
			defaultConfigurationIsVisible = 0;
			defaultConfigurationName = Release;
		};
		C768D4D11B96077C0058EDE3 /* Build configuration list for PBXNativeTarget "PagingViewExample" */ = {
			isa = XCConfigurationList;
			buildConfigurations = (
				C768D4D21B96077C0058EDE3 /* Debug */,
				C768D4D31B96077C0058EDE3 /* Release */,
			);
			defaultConfigurationIsVisible = 0;
			defaultConfigurationName = Release;
		};
		C768D4F91B982B430058EDE3 /* Build configuration list for PBXNativeTarget "PagingViewExampleUITests" */ = {
			isa = XCConfigurationList;
			buildConfigurations = (
				C768D4F61B982B430058EDE3 /* Debug */,
				C768D4F71B982B430058EDE3 /* Release */,
			);
			defaultConfigurationIsVisible = 0;
			defaultConfigurationName = Release;
		};
/* End XCConfigurationList section */
	};
	rootObject = C768D4B71B96077C0058EDE3 /* Project object */;
}
