// !$*UTF8*$!
{
	archiveVersion = 1;
	classes = {
	};
	objectVersion = 46;
	objects = {

/* Begin PBXBuildFile section */
		C74417E81BDFE06F001ECD4B /* AppDelegate.swift in Sources */ = {isa = PBXBuildFile; fileRef = C74417E71BDFE06F001ECD4B /* AppDelegate.swift */; };
		C74417ED1BDFE06F001ECD4B /* Main.storyboard in Resources */ = {isa = PBXBuildFile; fileRef = C74417EB1BDFE06F001ECD4B /* Main.storyboard */; };
		C74417EF1BDFE06F001ECD4B /* Assets.xcassets in Resources */ = {isa = PBXBuildFile; fileRef = C74417EE1BDFE06F001ECD4B /* Assets.xcassets */; };
		C74417F21BDFE06F001ECD4B /* LaunchScreen.storyboard in Resources */ = {isa = PBXBuildFile; fileRef = C74417F01BDFE06F001ECD4B /* LaunchScreen.storyboard */; };
		C74417FD1BDFE06F001ECD4B /* PagingViewExampleUITests.swift in Sources */ = {isa = PBXBuildFile; fileRef = C74417FC1BDFE06F001ECD4B /* PagingViewExampleUITests.swift */; };
		C744180A1BDFE11C001ECD4B /* DemoViewCell.swift in Sources */ = {isa = PBXBuildFile; fileRef = C74418071BDFE11C001ECD4B /* DemoViewCell.swift */; };
		C744180B1BDFE11C001ECD4B /* DemoViewCell.xib in Resources */ = {isa = PBXBuildFile; fileRef = C74418081BDFE11C001ECD4B /* DemoViewCell.xib */; };
		C744180C1BDFE11C001ECD4B /* DemoViewController.swift in Sources */ = {isa = PBXBuildFile; fileRef = C74418091BDFE11C001ECD4B /* DemoViewController.swift */; };
		C74418101BDFE124001ECD4B /* TestingViewCell.swift in Sources */ = {isa = PBXBuildFile; fileRef = C744180D1BDFE124001ECD4B /* TestingViewCell.swift */; };
		C74418111BDFE124001ECD4B /* TestingViewCell.xib in Resources */ = {isa = PBXBuildFile; fileRef = C744180E1BDFE124001ECD4B /* TestingViewCell.xib */; };
		C74418121BDFE124001ECD4B /* TestingViewController.swift in Sources */ = {isa = PBXBuildFile; fileRef = C744180F1BDFE124001ECD4B /* TestingViewController.swift */; };
		C74418191BDFE143001ECD4B /* PagingView.framework in Frameworks */ = {isa = PBXBuildFile; fileRef = C74418181BDFE13C001ECD4B /* PagingView.framework */; };
		C744181A1BDFE143001ECD4B /* PagingView.framework in Embed Frameworks */ = {isa = PBXBuildFile; fileRef = C74418181BDFE13C001ECD4B /* PagingView.framework */; settings = {ATTRIBUTES = (CodeSignOnCopy, RemoveHeadersOnCopy, ); }; };
/* End PBXBuildFile section */

/* Begin PBXContainerItemProxy section */
		C74417F91BDFE06F001ECD4B /* PBXContainerItemProxy */ = {
			isa = PBXContainerItemProxy;
			containerPortal = C74417DC1BDFE06F001ECD4B /* Project object */;
			proxyType = 1;
			remoteGlobalIDString = C74417E31BDFE06F001ECD4B;
			remoteInfo = PagingViewExample;
		};
		C74418171BDFE13C001ECD4B /* PBXContainerItemProxy */ = {
			isa = PBXContainerItemProxy;
			containerPortal = C74418131BDFE13C001ECD4B /* PagingView.xcodeproj */;
			proxyType = 2;
			remoteGlobalIDString = C74417C41BDFDFCF001ECD4B;
			remoteInfo = PagingView;
		};
		C744181B1BDFE143001ECD4B /* PBXContainerItemProxy */ = {
			isa = PBXContainerItemProxy;
			containerPortal = C74418131BDFE13C001ECD4B /* PagingView.xcodeproj */;
			proxyType = 1;
			remoteGlobalIDString = C74417C31BDFDFCF001ECD4B;
			remoteInfo = PagingView;
		};
/* End PBXContainerItemProxy section */

/* Begin PBXCopyFilesBuildPhase section */
		C744181D1BDFE143001ECD4B /* Embed Frameworks */ = {
			isa = PBXCopyFilesBuildPhase;
			buildActionMask = 2147483647;
			dstPath = "";
			dstSubfolderSpec = 10;
			files = (
				C744181A1BDFE143001ECD4B /* PagingView.framework in Embed Frameworks */,
			);
			name = "Embed Frameworks";
			runOnlyForDeploymentPostprocessing = 0;
		};
/* End PBXCopyFilesBuildPhase section */

/* Begin PBXFileReference section */
		C74417E41BDFE06F001ECD4B /* PagingViewExample.app */ = {isa = PBXFileReference; explicitFileType = wrapper.application; includeInIndex = 0; path = PagingViewExample.app; sourceTree = BUILT_PRODUCTS_DIR; };
		C74417E71BDFE06F001ECD4B /* AppDelegate.swift */ = {isa = PBXFileReference; lastKnownFileType = sourcecode.swift; path = AppDelegate.swift; sourceTree = "<group>"; };
		C74417EC1BDFE06F001ECD4B /* Base */ = {isa = PBXFileReference; lastKnownFileType = file.storyboard; name = Base; path = Base.lproj/Main.storyboard; sourceTree = "<group>"; };
		C74417EE1BDFE06F001ECD4B /* Assets.xcassets */ = {isa = PBXFileReference; lastKnownFileType = folder.assetcatalog; path = Assets.xcassets; sourceTree = "<group>"; };
		C74417F11BDFE06F001ECD4B /* Base */ = {isa = PBXFileReference; lastKnownFileType = file.storyboard; name = Base; path = Base.lproj/LaunchScreen.storyboard; sourceTree = "<group>"; };
		C74417F31BDFE06F001ECD4B /* Info.plist */ = {isa = PBXFileReference; lastKnownFileType = text.plist.xml; path = Info.plist; sourceTree = "<group>"; };
		C74417F81BDFE06F001ECD4B /* PagingViewExampleUITests.xctest */ = {isa = PBXFileReference; explicitFileType = wrapper.cfbundle; includeInIndex = 0; path = PagingViewExampleUITests.xctest; sourceTree = BUILT_PRODUCTS_DIR; };
		C74417FC1BDFE06F001ECD4B /* PagingViewExampleUITests.swift */ = {isa = PBXFileReference; lastKnownFileType = sourcecode.swift; path = PagingViewExampleUITests.swift; sourceTree = "<group>"; };
		C74417FE1BDFE06F001ECD4B /* Info.plist */ = {isa = PBXFileReference; lastKnownFileType = text.plist.xml; path = Info.plist; sourceTree = "<group>"; };
		C74418071BDFE11C001ECD4B /* DemoViewCell.swift */ = {isa = PBXFileReference; fileEncoding = 4; lastKnownFileType = sourcecode.swift; path = DemoViewCell.swift; sourceTree = "<group>"; };
		C74418081BDFE11C001ECD4B /* DemoViewCell.xib */ = {isa = PBXFileReference; fileEncoding = 4; lastKnownFileType = file.xib; path = DemoViewCell.xib; sourceTree = "<group>"; };
		C74418091BDFE11C001ECD4B /* DemoViewController.swift */ = {isa = PBXFileReference; fileEncoding = 4; lastKnownFileType = sourcecode.swift; path = DemoViewController.swift; sourceTree = "<group>"; };
		C744180D1BDFE124001ECD4B /* TestingViewCell.swift */ = {isa = PBXFileReference; fileEncoding = 4; lastKnownFileType = sourcecode.swift; path = TestingViewCell.swift; sourceTree = "<group>"; };
		C744180E1BDFE124001ECD4B /* TestingViewCell.xib */ = {isa = PBXFileReference; fileEncoding = 4; lastKnownFileType = file.xib; path = TestingViewCell.xib; sourceTree = "<group>"; };
		C744180F1BDFE124001ECD4B /* TestingViewController.swift */ = {isa = PBXFileReference; fileEncoding = 4; lastKnownFileType = sourcecode.swift; path = TestingViewController.swift; sourceTree = "<group>"; };
		C74418131BDFE13C001ECD4B /* PagingView.xcodeproj */ = {isa = PBXFileReference; lastKnownFileType = "wrapper.pb-project"; name = PagingView.xcodeproj; path = ../PagingView.xcodeproj; sourceTree = "<group>"; };
/* End PBXFileReference section */

/* Begin PBXFrameworksBuildPhase section */
		C74417E11BDFE06F001ECD4B /* Frameworks */ = {
			isa = PBXFrameworksBuildPhase;
			buildActionMask = 2147483647;
			files = (
				C74418191BDFE143001ECD4B /* PagingView.framework in Frameworks */,
			);
			runOnlyForDeploymentPostprocessing = 0;
		};
		C74417F51BDFE06F001ECD4B /* Frameworks */ = {
			isa = PBXFrameworksBuildPhase;
			buildActionMask = 2147483647;
			files = (
			);
			runOnlyForDeploymentPostprocessing = 0;
		};
/* End PBXFrameworksBuildPhase section */

/* Begin PBXGroup section */
		C74417DB1BDFE06F001ECD4B = {
			isa = PBXGroup;
			children = (
				C74418131BDFE13C001ECD4B /* PagingView.xcodeproj */,
				C74417E61BDFE06F001ECD4B /* PagingViewExample */,
				C74417FB1BDFE06F001ECD4B /* PagingViewExampleUITests */,
				C74417E51BDFE06F001ECD4B /* Products */,
			);
			sourceTree = "<group>";
		};
		C74417E51BDFE06F001ECD4B /* Products */ = {
			isa = PBXGroup;
			children = (
				C74417E41BDFE06F001ECD4B /* PagingViewExample.app */,
				C74417F81BDFE06F001ECD4B /* PagingViewExampleUITests.xctest */,
			);
			name = Products;
			sourceTree = "<group>";
		};
		C74417E61BDFE06F001ECD4B /* PagingViewExample */ = {
			isa = PBXGroup;
			children = (
				C74417E71BDFE06F001ECD4B /* AppDelegate.swift */,
				C74418071BDFE11C001ECD4B /* DemoViewCell.swift */,
				C74418081BDFE11C001ECD4B /* DemoViewCell.xib */,
				C74418091BDFE11C001ECD4B /* DemoViewController.swift */,
				C744180D1BDFE124001ECD4B /* TestingViewCell.swift */,
				C744180E1BDFE124001ECD4B /* TestingViewCell.xib */,
				C744180F1BDFE124001ECD4B /* TestingViewController.swift */,
				C74417EB1BDFE06F001ECD4B /* Main.storyboard */,
				C74417EE1BDFE06F001ECD4B /* Assets.xcassets */,
				C74417F01BDFE06F001ECD4B /* LaunchScreen.storyboard */,
				C74417F31BDFE06F001ECD4B /* Info.plist */,
			);
			path = PagingViewExample;
			sourceTree = "<group>";
		};
		C74417FB1BDFE06F001ECD4B /* PagingViewExampleUITests */ = {
			isa = PBXGroup;
			children = (
				C74417FC1BDFE06F001ECD4B /* PagingViewExampleUITests.swift */,
				C74417FE1BDFE06F001ECD4B /* Info.plist */,
			);
			path = PagingViewExampleUITests;
			sourceTree = "<group>";
		};
		C74418141BDFE13C001ECD4B /* Products */ = {
			isa = PBXGroup;
			children = (
				C74418181BDFE13C001ECD4B /* PagingView.framework */,
			);
			name = Products;
			sourceTree = "<group>";
		};
/* End PBXGroup section */

/* Begin PBXNativeTarget section */
		C74417E31BDFE06F001ECD4B /* PagingViewExample */ = {
			isa = PBXNativeTarget;
			buildConfigurationList = C74418011BDFE06F001ECD4B /* Build configuration list for PBXNativeTarget "PagingViewExample" */;
			buildPhases = (
				C74417E01BDFE06F001ECD4B /* Sources */,
				C74417E11BDFE06F001ECD4B /* Frameworks */,
				C74417E21BDFE06F001ECD4B /* Resources */,
				C744181D1BDFE143001ECD4B /* Embed Frameworks */,
			);
			buildRules = (
			);
			dependencies = (
				C744181C1BDFE143001ECD4B /* PBXTargetDependency */,
			);
			name = PagingViewExample;
			productName = PagingViewExample;
			productReference = C74417E41BDFE06F001ECD4B /* PagingViewExample.app */;
			productType = "com.apple.product-type.application";
		};
		C74417F71BDFE06F001ECD4B /* PagingViewExampleUITests */ = {
			isa = PBXNativeTarget;
			buildConfigurationList = C74418041BDFE06F001ECD4B /* Build configuration list for PBXNativeTarget "PagingViewExampleUITests" */;
			buildPhases = (
				C74417F41BDFE06F001ECD4B /* Sources */,
				C74417F51BDFE06F001ECD4B /* Frameworks */,
				C74417F61BDFE06F001ECD4B /* Resources */,
			);
			buildRules = (
			);
			dependencies = (
				C74417FA1BDFE06F001ECD4B /* PBXTargetDependency */,
			);
			name = PagingViewExampleUITests;
			productName = PagingViewExampleUITests;
			productReference = C74417F81BDFE06F001ECD4B /* PagingViewExampleUITests.xctest */;
			productType = "com.apple.product-type.bundle.ui-testing";
		};
/* End PBXNativeTarget section */

/* Begin PBXProject section */
		C74417DC1BDFE06F001ECD4B /* Project object */ = {
			isa = PBXProject;
			attributes = {
				LastSwiftUpdateCheck = 0710;
				LastUpgradeCheck = 0800;
				ORGANIZATIONNAME = kyohei_ito;
				TargetAttributes = {
					C74417E31BDFE06F001ECD4B = {
						CreatedOnToolsVersion = 7.1;
						LastSwiftMigration = 0800;
					};
					C74417F71BDFE06F001ECD4B = {
						CreatedOnToolsVersion = 7.1;
						LastSwiftMigration = 0800;
						TestTargetID = C74417E31BDFE06F001ECD4B;
					};
				};
			};
			buildConfigurationList = C74417DF1BDFE06F001ECD4B /* Build configuration list for PBXProject "PagingViewExample" */;
			compatibilityVersion = "Xcode 3.2";
			developmentRegion = English;
			hasScannedForEncodings = 0;
			knownRegions = (
				en,
				Base,
			);
			mainGroup = C74417DB1BDFE06F001ECD4B;
			productRefGroup = C74417E51BDFE06F001ECD4B /* Products */;
			projectDirPath = "";
			projectReferences = (
				{
					ProductGroup = C74418141BDFE13C001ECD4B /* Products */;
					ProjectRef = C74418131BDFE13C001ECD4B /* PagingView.xcodeproj */;
				},
			);
			projectRoot = "";
			targets = (
				C74417E31BDFE06F001ECD4B /* PagingViewExample */,
				C74417F71BDFE06F001ECD4B /* PagingViewExampleUITests */,
			);
		};
/* End PBXProject section */

/* Begin PBXReferenceProxy section */
		C74418181BDFE13C001ECD4B /* PagingView.framework */ = {
			isa = PBXReferenceProxy;
			fileType = wrapper.framework;
			path = PagingView.framework;
			remoteRef = C74418171BDFE13C001ECD4B /* PBXContainerItemProxy */;
			sourceTree = BUILT_PRODUCTS_DIR;
		};
/* End PBXReferenceProxy section */

/* Begin PBXResourcesBuildPhase section */
		C74417E21BDFE06F001ECD4B /* Resources */ = {
			isa = PBXResourcesBuildPhase;
			buildActionMask = 2147483647;
			files = (
				C74417F21BDFE06F001ECD4B /* LaunchScreen.storyboard in Resources */,
				C744180B1BDFE11C001ECD4B /* DemoViewCell.xib in Resources */,
				C74417EF1BDFE06F001ECD4B /* Assets.xcassets in Resources */,
				C74417ED1BDFE06F001ECD4B /* Main.storyboard in Resources */,
				C74418111BDFE124001ECD4B /* TestingViewCell.xib in Resources */,
			);
			runOnlyForDeploymentPostprocessing = 0;
		};
		C74417F61BDFE06F001ECD4B /* Resources */ = {
			isa = PBXResourcesBuildPhase;
			buildActionMask = 2147483647;
			files = (
			);
			runOnlyForDeploymentPostprocessing = 0;
		};
/* End PBXResourcesBuildPhase section */

/* Begin PBXSourcesBuildPhase section */
		C74417E01BDFE06F001ECD4B /* Sources */ = {
			isa = PBXSourcesBuildPhase;
			buildActionMask = 2147483647;
			files = (
				C74418101BDFE124001ECD4B /* TestingViewCell.swift in Sources */,
				C744180A1BDFE11C001ECD4B /* DemoViewCell.swift in Sources */,
				C74418121BDFE124001ECD4B /* TestingViewController.swift in Sources */,
				C74417E81BDFE06F001ECD4B /* AppDelegate.swift in Sources */,
				C744180C1BDFE11C001ECD4B /* DemoViewController.swift in Sources */,
			);
			runOnlyForDeploymentPostprocessing = 0;
		};
		C74417F41BDFE06F001ECD4B /* Sources */ = {
			isa = PBXSourcesBuildPhase;
			buildActionMask = 2147483647;
			files = (
				C74417FD1BDFE06F001ECD4B /* PagingViewExampleUITests.swift in Sources */,
			);
			runOnlyForDeploymentPostprocessing = 0;
		};
/* End PBXSourcesBuildPhase section */

/* Begin PBXTargetDependency section */
		C74417FA1BDFE06F001ECD4B /* PBXTargetDependency */ = {
			isa = PBXTargetDependency;
			target = C74417E31BDFE06F001ECD4B /* PagingViewExample */;
			targetProxy = C74417F91BDFE06F001ECD4B /* PBXContainerItemProxy */;
		};
		C744181C1BDFE143001ECD4B /* PBXTargetDependency */ = {
			isa = PBXTargetDependency;
			name = PagingView;
			targetProxy = C744181B1BDFE143001ECD4B /* PBXContainerItemProxy */;
		};
/* End PBXTargetDependency section */

/* Begin PBXVariantGroup section */
		C74417EB1BDFE06F001ECD4B /* Main.storyboard */ = {
			isa = PBXVariantGroup;
			children = (
				C74417EC1BDFE06F001ECD4B /* Base */,
			);
			name = Main.storyboard;
			sourceTree = "<group>";
		};
		C74417F01BDFE06F001ECD4B /* LaunchScreen.storyboard */ = {
			isa = PBXVariantGroup;
			children = (
				C74417F11BDFE06F001ECD4B /* Base */,
			);
			name = LaunchScreen.storyboard;
			sourceTree = "<group>";
		};
/* End PBXVariantGroup section */

/* Begin XCBuildConfiguration section */
		C74417FF1BDFE06F001ECD4B /* Debug */ = {
			isa = XCBuildConfiguration;
			buildSettings = {
				ALWAYS_SEARCH_USER_PATHS = NO;
				CLANG_CXX_LANGUAGE_STANDARD = "gnu++0x";
				CLANG_CXX_LIBRARY = "libc++";
				CLANG_ENABLE_MODULES = YES;
				CLANG_ENABLE_OBJC_ARC = YES;
				CLANG_WARN_BOOL_CONVERSION = YES;
				CLANG_WARN_CONSTANT_CONVERSION = YES;
				CLANG_WARN_DIRECT_OBJC_ISA_USAGE = YES_ERROR;
				CLANG_WARN_EMPTY_BODY = YES;
				CLANG_WARN_ENUM_CONVERSION = YES;
				CLANG_WARN_INFINITE_RECURSION = YES;
				CLANG_WARN_INT_CONVERSION = YES;
				CLANG_WARN_OBJC_ROOT_CLASS = YES_ERROR;
				CLANG_WARN_SUSPICIOUS_MOVE = YES;
				CLANG_WARN_UNREACHABLE_CODE = YES;
				CLANG_WARN__DUPLICATE_METHOD_MATCH = YES;
				"CODE_SIGN_IDENTITY[sdk=iphoneos*]" = "iPhone Developer";
				COPY_PHASE_STRIP = NO;
				DEBUG_INFORMATION_FORMAT = dwarf;
				ENABLE_STRICT_OBJC_MSGSEND = YES;
				ENABLE_TESTABILITY = YES;
				GCC_C_LANGUAGE_STANDARD = gnu99;
				GCC_DYNAMIC_NO_PIC = NO;
				GCC_NO_COMMON_BLOCKS = YES;
				GCC_OPTIMIZATION_LEVEL = 0;
				GCC_PREPROCESSOR_DEFINITIONS = (
					"DEBUG=1",
					"$(inherited)",
				);
				GCC_WARN_64_TO_32_BIT_CONVERSION = YES;
				GCC_WARN_ABOUT_RETURN_TYPE = YES_ERROR;
				GCC_WARN_UNDECLARED_SELECTOR = YES;
				GCC_WARN_UNINITIALIZED_AUTOS = YES_AGGRESSIVE;
				GCC_WARN_UNUSED_FUNCTION = YES;
				GCC_WARN_UNUSED_VARIABLE = YES;
				IPHONEOS_DEPLOYMENT_TARGET = 8.0;
				MTL_ENABLE_DEBUG_INFO = YES;
				ONLY_ACTIVE_ARCH = YES;
				SDKROOT = iphoneos;
				SWIFT_OPTIMIZATION_LEVEL = "-Onone";
			};
			name = Debug;
		};
		C74418001BDFE06F001ECD4B /* Release */ = {
			isa = XCBuildConfiguration;
			buildSettings = {
				ALWAYS_SEARCH_USER_PATHS = NO;
				CLANG_CXX_LANGUAGE_STANDARD = "gnu++0x";
				CLANG_CXX_LIBRARY = "libc++";
				CLANG_ENABLE_MODULES = YES;
				CLANG_ENABLE_OBJC_ARC = YES;
				CLANG_WARN_BOOL_CONVERSION = YES;
				CLANG_WARN_CONSTANT_CONVERSION = YES;
				CLANG_WARN_DIRECT_OBJC_ISA_USAGE = YES_ERROR;
				CLANG_WARN_EMPTY_BODY = YES;
				CLANG_WARN_ENUM_CONVERSION = YES;
				CLANG_WARN_INFINITE_RECURSION = YES;
				CLANG_WARN_INT_CONVERSION = YES;
				CLANG_WARN_OBJC_ROOT_CLASS = YES_ERROR;
				CLANG_WARN_SUSPICIOUS_MOVE = YES;
				CLANG_WARN_UNREACHABLE_CODE = YES;
				CLANG_WARN__DUPLICATE_METHOD_MATCH = YES;
				"CODE_SIGN_IDENTITY[sdk=iphoneos*]" = "iPhone Developer";
				COPY_PHASE_STRIP = NO;
				DEBUG_INFORMATION_FORMAT = "dwarf-with-dsym";
				ENABLE_NS_ASSERTIONS = NO;
				ENABLE_STRICT_OBJC_MSGSEND = YES;
				GCC_C_LANGUAGE_STANDARD = gnu99;
				GCC_NO_COMMON_BLOCKS = YES;
				GCC_WARN_64_TO_32_BIT_CONVERSION = YES;
				GCC_WARN_ABOUT_RETURN_TYPE = YES_ERROR;
				GCC_WARN_UNDECLARED_SELECTOR = YES;
				GCC_WARN_UNINITIALIZED_AUTOS = YES_AGGRESSIVE;
				GCC_WARN_UNUSED_FUNCTION = YES;
				GCC_WARN_UNUSED_VARIABLE = YES;
				IPHONEOS_DEPLOYMENT_TARGET = 8.0;
				MTL_ENABLE_DEBUG_INFO = NO;
				SDKROOT = iphoneos;
				SWIFT_OPTIMIZATION_LEVEL = "-Owholemodule";
				VALIDATE_PRODUCT = YES;
			};
			name = Release;
		};
		C74418021BDFE06F001ECD4B /* Debug */ = {
			isa = XCBuildConfiguration;
			buildSettings = {
				ALWAYS_EMBED_SWIFT_STANDARD_LIBRARIES = YES;
				ASSETCATALOG_COMPILER_APPICON_NAME = AppIcon;
				INFOPLIST_FILE = PagingViewExample/Info.plist;
				LD_RUNPATH_SEARCH_PATHS = "$(inherited) @executable_path/Frameworks";
				PRODUCT_BUNDLE_IDENTIFIER = com.kyoheiito.PagingViewExample;
				PRODUCT_NAME = "$(TARGET_NAME)";
				SWIFT_VERSION = 3.0;
			};
			name = Debug;
		};
		C74418031BDFE06F001ECD4B /* Release */ = {
			isa = XCBuildConfiguration;
			buildSettings = {
				ALWAYS_EMBED_SWIFT_STANDARD_LIBRARIES = YES;
				ASSETCATALOG_COMPILER_APPICON_NAME = AppIcon;
				INFOPLIST_FILE = PagingViewExample/Info.plist;
				LD_RUNPATH_SEARCH_PATHS = "$(inherited) @executable_path/Frameworks";
				PRODUCT_BUNDLE_IDENTIFIER = com.kyoheiito.PagingViewExample;
				PRODUCT_NAME = "$(TARGET_NAME)";
				SWIFT_VERSION = 3.0;
			};
			name = Release;
		};
		C74418051BDFE06F001ECD4B /* Debug */ = {
			isa = XCBuildConfiguration;
			buildSettings = {
				INFOPLIST_FILE = PagingViewExampleUITests/Info.plist;
				LD_RUNPATH_SEARCH_PATHS = "$(inherited) @executable_path/Frameworks @loader_path/Frameworks";
				PRODUCT_BUNDLE_IDENTIFIER = com.kyoheiito.PagingViewExampleUITests;
				PRODUCT_NAME = "$(TARGET_NAME)";
				SWIFT_VERSION = 3.0;
				TEST_TARGET_NAME = PagingViewExample;
				USES_XCTRUNNER = YES;
			};
			name = Debug;
		};
		C74418061BDFE06F001ECD4B /* Release */ = {
			isa = XCBuildConfiguration;
			buildSettings = {
				INFOPLIST_FILE = PagingViewExampleUITests/Info.plist;
				LD_RUNPATH_SEARCH_PATHS = "$(inherited) @executable_path/Frameworks @loader_path/Frameworks";
				PRODUCT_BUNDLE_IDENTIFIER = com.kyoheiito.PagingViewExampleUITests;
				PRODUCT_NAME = "$(TARGET_NAME)";
				SWIFT_VERSION = 3.0;
				TEST_TARGET_NAME = PagingViewExample;
				USES_XCTRUNNER = YES;
			};
			name = Release;
		};
/* End XCBuildConfiguration section */

/* Begin XCConfigurationList section */
		C74417DF1BDFE06F001ECD4B /* Build configuration list for PBXProject "PagingViewExample" */ = {
			isa = XCConfigurationList;
			buildConfigurations = (
				C74417FF1BDFE06F001ECD4B /* Debug */,
				C74418001BDFE06F001ECD4B /* Release */,
			);
			defaultConfigurationIsVisible = 0;
			defaultConfigurationName = Release;
		};
		C74418011BDFE06F001ECD4B /* Build configuration list for PBXNativeTarget "PagingViewExample" */ = {
			isa = XCConfigurationList;
			buildConfigurations = (
				C74418021BDFE06F001ECD4B /* Debug */,
				C74418031BDFE06F001ECD4B /* Release */,
			);
			defaultConfigurationIsVisible = 0;
			defaultConfigurationName = Release;
		};
		C74418041BDFE06F001ECD4B /* Build configuration list for PBXNativeTarget "PagingViewExampleUITests" */ = {
			isa = XCConfigurationList;
			buildConfigurations = (
				C74418051BDFE06F001ECD4B /* Debug */,
				C74418061BDFE06F001ECD4B /* Release */,
			);
			defaultConfigurationIsVisible = 0;
			defaultConfigurationName = Release;
		};
/* End XCConfigurationList section */
	};
	rootObject = C74417DC1BDFE06F001ECD4B /* Project object */;
}
